
Microsoft Visual Studio Solution File, Format Version 12.00
Project("{FAE04EC0-301F-11D3-BF4B-00C04F79EFBC}") = "YumBlazor", "YumBlazor\YumBlazor.csproj", "{6C753523-F227-47F7-AC03-DAC6B2DD50F0}"
EndProject
Global
	GlobalSection(SolutionConfigurationPlatforms) = preSolution
		Debug|Any CPU = Debug|Any CPU
		Release|Any CPU = Release|Any CPU
	EndGlobalSection
	GlobalSection(ProjectConfigurationPlatforms) = postSolution
		{6C753523-F227-47F7-AC03-DAC6B2DD50F0}.Debug|Any CPU.ActiveCfg = Debug|Any CPU
		{6C753523-F227-47F7-AC03-DAC6B2DD50F0}.Debug|Any CPU.Build.0 = Debug|Any CPU
		{6C753523-F227-47F7-AC03-DAC6B2DD50F0}.Release|Any CPU.ActiveCfg = Release|Any CPU
		{6C753523-F227-47F7-AC03-DAC6B2DD50F0}.Release|Any CPU.Build.0 = Release|Any CPU
	EndGlobalSection
EndGlobal
